// !$*UTF8*$!
{
	archiveVersion = 1;
	classes = {
	};
	objectVersion = 46;
	objects = {

/* Begin PBXBuildFile section */
		134485E8192976B60033A230 /* Foundation.framework in Frameworks */ = {isa = PBXBuildFile; fileRef = 134485E7192976B60033A230 /* Foundation.framework */; };
		134485EA192976B60033A230 /* CoreGraphics.framework in Frameworks */ = {isa = PBXBuildFile; fileRef = 134485E9192976B60033A230 /* CoreGraphics.framework */; };
		134485EC192976B60033A230 /* UIKit.framework in Frameworks */ = {isa = PBXBuildFile; fileRef = 134485EB192976B60033A230 /* UIKit.framework */; };
		134485F2192976B60033A230 /* InfoPlist.strings in Resources */ = {isa = PBXBuildFile; fileRef = 134485F0192976B60033A230 /* InfoPlist.strings */; };
		134485F4192976B60033A230 /* main.m in Sources */ = {isa = PBXBuildFile; fileRef = 134485F3192976B60033A230 /* main.m */; };
		134485F8192976B60033A230 /* BNRAppDelegate.m in Sources */ = {isa = PBXBuildFile; fileRef = 134485F7192976B60033A230 /* BNRAppDelegate.m */; };
		134485FA192976B60033A230 /* Images.xcassets in Resources */ = {isa = PBXBuildFile; fileRef = 134485F9192976B60033A230 /* Images.xcassets */; };
		13448601192976B60033A230 /* XCTest.framework in Frameworks */ = {isa = PBXBuildFile; fileRef = 13448600192976B60033A230 /* XCTest.framework */; };
		13448602192976B60033A230 /* Foundation.framework in Frameworks */ = {isa = PBXBuildFile; fileRef = 134485E7192976B60033A230 /* Foundation.framework */; };
		13448603192976B60033A230 /* UIKit.framework in Frameworks */ = {isa = PBXBuildFile; fileRef = 134485EB192976B60033A230 /* UIKit.framework */; };
		1344860B192976B60033A230 /* InfoPlist.strings in Resources */ = {isa = PBXBuildFile; fileRef = 13448609192976B60033A230 /* InfoPlist.strings */; };
		1344860D192976B60033A230 /* HypnoNerdTests.m in Sources */ = {isa = PBXBuildFile; fileRef = 1344860C192976B60033A230 /* HypnoNerdTests.m */; };
		13448618192977280033A230 /* BNRHypnosisView.m in Sources */ = {isa = PBXBuildFile; fileRef = 13448617192977280033A230 /* BNRHypnosisView.m */; };
		1344861B1929776D0033A230 /* BNRHypnosisViewController.m in Sources */ = {isa = PBXBuildFile; fileRef = 1344861A1929776D0033A230 /* BNRHypnosisViewController.m */; };
		1344861E19297C3D0033A230 /* BNRReminderViewController.m in Sources */ = {isa = PBXBuildFile; fileRef = 1344861D19297C3D0033A230 /* BNRReminderViewController.m */; };
		1344862019297DE90033A230 /* BNRReminderViewController.xib in Resources */ = {isa = PBXBuildFile; fileRef = 1344861F19297DE90033A230 /* BNRReminderViewController.xib */; };
		13448623192995B20033A230 /* BNRQuizViewController.m in Sources */ = {isa = PBXBuildFile; fileRef = 13448622192995B20033A230 /* BNRQuizViewController.m */; };
		13448625192996BF0033A230 /* BNRQuizViewController.xib in Resources */ = {isa = PBXBuildFile; fileRef = 13448624192996BF0033A230 /* BNRQuizViewController.xib */; };
/* End PBXBuildFile section */

/* Begin PBXContainerItemProxy section */
		13448604192976B60033A230 /* PBXContainerItemProxy */ = {
			isa = PBXContainerItemProxy;
			containerPortal = 134485DC192976B60033A230 /* Project object */;
			proxyType = 1;
			remoteGlobalIDString = 134485E3192976B60033A230;
			remoteInfo = HypnoNerd;
		};
/* End PBXContainerItemProxy section */

/* Begin PBXFileReference section */
		134485E4192976B60033A230 /* HypnoNerd.app */ = {isa = PBXFileReference; explicitFileType = wrapper.application; includeInIndex = 0; path = HypnoNerd.app; sourceTree = BUILT_PRODUCTS_DIR; };
		134485E7192976B60033A230 /* Foundation.framework */ = {isa = PBXFileReference; lastKnownFileType = wrapper.framework; name = Foundation.framework; path = System/Library/Frameworks/Foundation.framework; sourceTree = SDKROOT; };
		134485E9192976B60033A230 /* CoreGraphics.framework */ = {isa = PBXFileReference; lastKnownFileType = wrapper.framework; name = CoreGraphics.framework; path = System/Library/Frameworks/CoreGraphics.framework; sourceTree = SDKROOT; };
		134485EB192976B60033A230 /* UIKit.framework */ = {isa = PBXFileReference; lastKnownFileType = wrapper.framework; name = UIKit.framework; path = System/Library/Frameworks/UIKit.framework; sourceTree = SDKROOT; };
		134485EF192976B60033A230 /* HypnoNerd-Info.plist */ = {isa = PBXFileReference; lastKnownFileType = text.plist.xml; path = "HypnoNerd-Info.plist"; sourceTree = "<group>"; };
		134485F1192976B60033A230 /* en */ = {isa = PBXFileReference; lastKnownFileType = text.plist.strings; name = en; path = en.lproj/InfoPlist.strings; sourceTree = "<group>"; };
		134485F3192976B60033A230 /* main.m */ = {isa = PBXFileReference; lastKnownFileType = sourcecode.c.objc; path = main.m; sourceTree = "<group>"; };
		134485F5192976B60033A230 /* HypnoNerd-Prefix.pch */ = {isa = PBXFileReference; lastKnownFileType = sourcecode.c.h; path = "HypnoNerd-Prefix.pch"; sourceTree = "<group>"; };
		134485F6192976B60033A230 /* BNRAppDelegate.h */ = {isa = PBXFileReference; lastKnownFileType = sourcecode.c.h; path = BNRAppDelegate.h; sourceTree = "<group>"; };
		134485F7192976B60033A230 /* BNRAppDelegate.m */ = {isa = PBXFileReference; lastKnownFileType = sourcecode.c.objc; path = BNRAppDelegate.m; sourceTree = "<group>"; };
		134485F9192976B60033A230 /* Images.xcassets */ = {isa = PBXFileReference; lastKnownFileType = folder.assetcatalog; path = Images.xcassets; sourceTree = "<group>"; };
		134485FF192976B60033A230 /* HypnoNerdTests.xctest */ = {isa = PBXFileReference; explicitFileType = wrapper.cfbundle; includeInIndex = 0; path = HypnoNerdTests.xctest; sourceTree = BUILT_PRODUCTS_DIR; };
		13448600192976B60033A230 /* XCTest.framework */ = {isa = PBXFileReference; lastKnownFileType = wrapper.framework; name = XCTest.framework; path = Library/Frameworks/XCTest.framework; sourceTree = DEVELOPER_DIR; };
		13448608192976B60033A230 /* HypnoNerdTests-Info.plist */ = {isa = PBXFileReference; lastKnownFileType = text.plist.xml; path = "HypnoNerdTests-Info.plist"; sourceTree = "<group>"; };
		1344860A192976B60033A230 /* en */ = {isa = PBXFileReference; lastKnownFileType = text.plist.strings; name = en; path = en.lproj/InfoPlist.strings; sourceTree = "<group>"; };
		1344860C192976B60033A230 /* HypnoNerdTests.m */ = {isa = PBXFileReference; lastKnownFileType = sourcecode.c.objc; path = HypnoNerdTests.m; sourceTree = "<group>"; };
		13448616192977280033A230 /* BNRHypnosisView.h */ = {isa = PBXFileReference; fileEncoding = 4; lastKnownFileType = sourcecode.c.h; path = BNRHypnosisView.h; sourceTree = "<group>"; };
		13448617192977280033A230 /* BNRHypnosisView.m */ = {isa = PBXFileReference; fileEncoding = 4; lastKnownFileType = sourcecode.c.objc; path = BNRHypnosisView.m; sourceTree = "<group>"; };
		134486191929776D0033A230 /* BNRHypnosisViewController.h */ = {isa = PBXFileReference; fileEncoding = 4; lastKnownFileType = sourcecode.c.h; name = BNRHypnosisViewController.h; path = ../BNRHypnosisViewController.h; sourceTree = "<group>"; };
		1344861A1929776D0033A230 /* BNRHypnosisViewController.m */ = {isa = PBXFileReference; fileEncoding = 4; lastKnownFileType = sourcecode.c.objc; name = BNRHypnosisViewController.m; path = ../BNRHypnosisViewController.m; sourceTree = "<group>"; };
		1344861C19297C3D0033A230 /* BNRReminderViewController.h */ = {isa = PBXFileReference; fileEncoding = 4; lastKnownFileType = sourcecode.c.h; path = BNRReminderViewController.h; sourceTree = "<group>"; };
		1344861D19297C3D0033A230 /* BNRReminderViewController.m */ = {isa = PBXFileReference; fileEncoding = 4; lastKnownFileType = sourcecode.c.objc; path = BNRReminderViewController.m; sourceTree = "<group>"; };
		1344861F19297DE90033A230 /* BNRReminderViewController.xib */ = {isa = PBXFileReference; fileEncoding = 4; lastKnownFileType = file.xib; path = BNRReminderViewController.xib; sourceTree = "<group>"; };
		13448621192995B20033A230 /* BNRQuizViewController.h */ = {isa = PBXFileReference; fileEncoding = 4; lastKnownFileType = sourcecode.c.h; path = BNRQuizViewController.h; sourceTree = "<group>"; };
		13448622192995B20033A230 /* BNRQuizViewController.m */ = {isa = PBXFileReference; fileEncoding = 4; lastKnownFileType = sourcecode.c.objc; path = BNRQuizViewController.m; sourceTree = "<group>"; };
		13448624192996BF0033A230 /* BNRQuizViewController.xib */ = {isa = PBXFileReference; fileEncoding = 4; lastKnownFileType = file.xib; path = BNRQuizViewController.xib; sourceTree = "<group>"; };
/* End PBXFileReference section */

/* Begin PBXFrameworksBuildPhase section */
		134485E1192976B60033A230 /* Frameworks */ = {
			isa = PBXFrameworksBuildPhase;
			buildActionMask = 2147483647;
			files = (
				134485EA192976B60033A230 /* CoreGraphics.framework in Frameworks */,
				134485EC192976B60033A230 /* UIKit.framework in Frameworks */,
				134485E8192976B60033A230 /* Foundation.framework in Frameworks */,
			);
			runOnlyForDeploymentPostprocessing = 0;
		};
		134485FC192976B60033A230 /* Frameworks */ = {
			isa = PBXFrameworksBuildPhase;
			buildActionMask = 2147483647;
			files = (
				13448601192976B60033A230 /* XCTest.framework in Frameworks */,
				13448603192976B60033A230 /* UIKit.framework in Frameworks */,
				13448602192976B60033A230 /* Foundation.framework in Frameworks */,
			);
			runOnlyForDeploymentPostprocessing = 0;
		};
/* End PBXFrameworksBuildPhase section */

/* Begin PBXGroup section */
		134485DB192976B60033A230 = {
			isa = PBXGroup;
			children = (
				134485ED192976B60033A230 /* HypnoNerd */,
				13448606192976B60033A230 /* HypnoNerdTests */,
				134485E6192976B60033A230 /* Frameworks */,
				134485E5192976B60033A230 /* Products */,
			);
			sourceTree = "<group>";
		};
		134485E5192976B60033A230 /* Products */ = {
			isa = PBXGroup;
			children = (
				134485E4192976B60033A230 /* HypnoNerd.app */,
				134485FF192976B60033A230 /* HypnoNerdTests.xctest */,
			);
			name = Products;
			sourceTree = "<group>";
		};
		134485E6192976B60033A230 /* Frameworks */ = {
			isa = PBXGroup;
			children = (
				134485E7192976B60033A230 /* Foundation.framework */,
				134485E9192976B60033A230 /* CoreGraphics.framework */,
				134485EB192976B60033A230 /* UIKit.framework */,
				13448600192976B60033A230 /* XCTest.framework */,
			);
			name = Frameworks;
			sourceTree = "<group>";
		};
		134485ED192976B60033A230 /* HypnoNerd */ = {
			isa = PBXGroup;
			children = (
				134485F6192976B60033A230 /* BNRAppDelegate.h */,
				134485F7192976B60033A230 /* BNRAppDelegate.m */,
				134486191929776D0033A230 /* BNRHypnosisViewController.h */,
				1344861A1929776D0033A230 /* BNRHypnosisViewController.m */,
				1344861C19297C3D0033A230 /* BNRReminderViewController.h */,
				1344861D19297C3D0033A230 /* BNRReminderViewController.m */,
				1344861F19297DE90033A230 /* BNRReminderViewController.xib */,
				13448621192995B20033A230 /* BNRQuizViewController.h */,
				13448622192995B20033A230 /* BNRQuizViewController.m */,
				13448624192996BF0033A230 /* BNRQuizViewController.xib */,
				13448616192977280033A230 /* BNRHypnosisView.h */,
				13448617192977280033A230 /* BNRHypnosisView.m */,
				134485F9192976B60033A230 /* Images.xcassets */,
				134485EE192976B60033A230 /* Supporting Files */,
			);
			path = HypnoNerd;
			sourceTree = "<group>";
		};
		134485EE192976B60033A230 /* Supporting Files */ = {
			isa = PBXGroup;
			children = (
				134485EF192976B60033A230 /* HypnoNerd-Info.plist */,
				134485F0192976B60033A230 /* InfoPlist.strings */,
				134485F3192976B60033A230 /* main.m */,
				134485F5192976B60033A230 /* HypnoNerd-Prefix.pch */,
			);
			name = "Supporting Files";
			sourceTree = "<group>";
		};
		13448606192976B60033A230 /* HypnoNerdTests */ = {
			isa = PBXGroup;
			children = (
				1344860C192976B60033A230 /* HypnoNerdTests.m */,
				13448607192976B60033A230 /* Supporting Files */,
			);
			path = HypnoNerdTests;
			sourceTree = "<group>";
		};
		13448607192976B60033A230 /* Supporting Files */ = {
			isa = PBXGroup;
			children = (
				13448608192976B60033A230 /* HypnoNerdTests-Info.plist */,
				13448609192976B60033A230 /* InfoPlist.strings */,
			);
			name = "Supporting Files";
			sourceTree = "<group>";
		};
/* End PBXGroup section */

/* Begin PBXNativeTarget section */
		134485E3192976B60033A230 /* HypnoNerd */ = {
			isa = PBXNativeTarget;
			buildConfigurationList = 13448610192976B60033A230 /* Build configuration list for PBXNativeTarget "HypnoNerd" */;
			buildPhases = (
				134485E0192976B60033A230 /* Sources */,
				134485E1192976B60033A230 /* Frameworks */,
				134485E2192976B60033A230 /* Resources */,
			);
			buildRules = (
			);
			dependencies = (
			);
			name = HypnoNerd;
			productName = HypnoNerd;
			productReference = 134485E4192976B60033A230 /* HypnoNerd.app */;
			productType = "com.apple.product-type.application";
		};
		134485FE192976B60033A230 /* HypnoNerdTests */ = {
			isa = PBXNativeTarget;
			buildConfigurationList = 13448613192976B60033A230 /* Build configuration list for PBXNativeTarget "HypnoNerdTests" */;
			buildPhases = (
				134485FB192976B60033A230 /* Sources */,
				134485FC192976B60033A230 /* Frameworks */,
				134485FD192976B60033A230 /* Resources */,
			);
			buildRules = (
			);
			dependencies = (
				13448605192976B60033A230 /* PBXTargetDependency */,
			);
			name = HypnoNerdTests;
			productName = HypnoNerdTests;
			productReference = 134485FF192976B60033A230 /* HypnoNerdTests.xctest */;
			productType = "com.apple.product-type.bundle.unit-test";
		};
/* End PBXNativeTarget section */

/* Begin PBXProject section */
		134485DC192976B60033A230 /* Project object */ = {
			isa = PBXProject;
			attributes = {
				CLASSPREFIX = BNR;
				LastUpgradeCheck = 0510;
				ORGANIZATIONNAME = pifster;
				TargetAttributes = {
					134485FE192976B60033A230 = {
						TestTargetID = 134485E3192976B60033A230;
					};
				};
			};
			buildConfigurationList = 134485DF192976B60033A230 /* Build configuration list for PBXProject "HypnoNerd" */;
			compatibilityVersion = "Xcode 3.2";
			developmentRegion = English;
			hasScannedForEncodings = 0;
			knownRegions = (
				en,
			);
			mainGroup = 134485DB192976B60033A230;
			productRefGroup = 134485E5192976B60033A230 /* Products */;
			projectDirPath = "";
			projectRoot = "";
			targets = (
				134485E3192976B60033A230 /* HypnoNerd */,
				134485FE192976B60033A230 /* HypnoNerdTests */,
			);
		};
/* End PBXProject section */

/* Begin PBXResourcesBuildPhase section */
		134485E2192976B60033A230 /* Resources */ = {
			isa = PBXResourcesBuildPhase;
			buildActionMask = 2147483647;
			files = (
				13448625192996BF0033A230 /* BNRQuizViewController.xib in Resources */,
				1344862019297DE90033A230 /* BNRReminderViewController.xib in Resources */,
				134485F2192976B60033A230 /* InfoPlist.strings in Resources */,
				134485FA192976B60033A230 /* Images.xcassets in Resources */,
			);
			runOnlyForDeploymentPostprocessing = 0;
		};
		134485FD192976B60033A230 /* Resources */ = {
			isa = PBXResourcesBuildPhase;
			buildActionMask = 2147483647;
			files = (
				1344860B192976B60033A230 /* InfoPlist.strings in Resources */,
			);
			runOnlyForDeploymentPostprocessing = 0;
		};
/* End PBXResourcesBuildPhase section */

/* Begin PBXSourcesBuildPhase section */
		134485E0192976B60033A230 /* Sources */ = {
			isa = PBXSourcesBuildPhase;
			buildActionMask = 2147483647;
			files = (
				1344861B1929776D0033A230 /* BNRHypnosisViewController.m in Sources */,
				134485F4192976B60033A230 /* main.m in Sources */,
				13448623192995B20033A230 /* BNRQuizViewController.m in Sources */,
				134485F8192976B60033A230 /* BNRAppDelegate.m in Sources */,
				1344861E19297C3D0033A230 /* BNRReminderViewController.m in Sources */,
				13448618192977280033A230 /* BNRHypnosisView.m in Sources */,
			);
			runOnlyForDeploymentPostprocessing = 0;
		};
		134485FB192976B60033A230 /* Sources */ = {
			isa = PBXSourcesBuildPhase;
			buildActionMask = 2147483647;
			files = (
				1344860D192976B60033A230 /* HypnoNerdTests.m in Sources */,
			);
			runOnlyForDeploymentPostprocessing = 0;
		};
/* End PBXSourcesBuildPhase section */

/* Begin PBXTargetDependency section */
		13448605192976B60033A230 /* PBXTargetDependency */ = {
			isa = PBXTargetDependency;
			target = 134485E3192976B60033A230 /* HypnoNerd */;
			targetProxy = 13448604192976B60033A230 /* PBXContainerItemProxy */;
		};
/* End PBXTargetDependency section */

/* Begin PBXVariantGroup section */
		134485F0192976B60033A230 /* InfoPlist.strings */ = {
			isa = PBXVariantGroup;
			children = (
				134485F1192976B60033A230 /* en */,
			);
			name = InfoPlist.strings;
			sourceTree = "<group>";
		};
		13448609192976B60033A230 /* InfoPlist.strings */ = {
			isa = PBXVariantGroup;
			children = (
				1344860A192976B60033A230 /* en */,
			);
			name = InfoPlist.strings;
			sourceTree = "<group>";
		};
/* End PBXVariantGroup section */

/* Begin XCBuildConfiguration section */
		1344860E192976B60033A230 /* Debug */ = {
			isa = XCBuildConfiguration;
			buildSettings = {
				ALWAYS_SEARCH_USER_PATHS = NO;
				CLANG_CXX_LANGUAGE_STANDARD = "gnu++0x";
				CLANG_CXX_LIBRARY = "libc++";
				CLANG_ENABLE_MODULES = YES;
				CLANG_ENABLE_OBJC_ARC = YES;
				CLANG_WARN_BOOL_CONVERSION = YES;
				CLANG_WARN_CONSTANT_CONVERSION = YES;
				CLANG_WARN_DIRECT_OBJC_ISA_USAGE = YES_ERROR;
				CLANG_WARN_EMPTY_BODY = YES;
				CLANG_WARN_ENUM_CONVERSION = YES;
				CLANG_WARN_INT_CONVERSION = YES;
				CLANG_WARN_OBJC_ROOT_CLASS = YES_ERROR;
				CLANG_WARN__DUPLICATE_METHOD_MATCH = YES;
				"CODE_SIGN_IDENTITY[sdk=iphoneos*]" = "iPhone Developer";
				COPY_PHASE_STRIP = NO;
				GCC_C_LANGUAGE_STANDARD = gnu99;
				GCC_DYNAMIC_NO_PIC = NO;
				GCC_OPTIMIZATION_LEVEL = 0;
				GCC_PREPROCESSOR_DEFINITIONS = (
					"DEBUG=1",
					"$(inherited)",
				);
				GCC_SYMBOLS_PRIVATE_EXTERN = NO;
				GCC_WARN_64_TO_32_BIT_CONVERSION = YES;
				GCC_WARN_ABOUT_RETURN_TYPE = YES_ERROR;
				GCC_WARN_UNDECLARED_SELECTOR = YES;
				GCC_WARN_UNINITIALIZED_AUTOS = YES_AGGRESSIVE;
				GCC_WARN_UNUSED_FUNCTION = YES;
				GCC_WARN_UNUSED_VARIABLE = YES;
				IPHONEOS_DEPLOYMENT_TARGET = 7.1;
				ONLY_ACTIVE_ARCH = YES;
				SDKROOT = iphoneos;
			};
			name = Debug;
		};
		1344860F192976B60033A230 /* Release */ = {
			isa = XCBuildConfiguration;
			buildSettings = {
				ALWAYS_SEARCH_USER_PATHS = NO;
				CLANG_CXX_LANGUAGE_STANDARD = "gnu++0x";
				CLANG_CXX_LIBRARY = "libc++";
				CLANG_ENABLE_MODULES = YES;
				CLANG_ENABLE_OBJC_ARC = YES;
				CLANG_WARN_BOOL_CONVERSION = YES;
				CLANG_WARN_CONSTANT_CONVERSION = YES;
				CLANG_WARN_DIRECT_OBJC_ISA_USAGE = YES_ERROR;
				CLANG_WARN_EMPTY_BODY = YES;
				CLANG_WARN_ENUM_CONVERSION = YES;
				CLANG_WARN_INT_CONVERSION = YES;
				CLANG_WARN_OBJC_ROOT_CLASS = YES_ERROR;
				CLANG_WARN__DUPLICATE_METHOD_MATCH = YES;
				"CODE_SIGN_IDENTITY[sdk=iphoneos*]" = "iPhone Developer";
				COPY_PHASE_STRIP = YES;
				ENABLE_NS_ASSERTIONS = NO;
				GCC_C_LANGUAGE_STANDARD = gnu99;
				GCC_WARN_64_TO_32_BIT_CONVERSION = YES;
				GCC_WARN_ABOUT_RETURN_TYPE = YES_ERROR;
				GCC_WARN_UNDECLARED_SELECTOR = YES;
				GCC_WARN_UNINITIALIZED_AUTOS = YES_AGGRESSIVE;
				GCC_WARN_UNUSED_FUNCTION = YES;
				GCC_WARN_UNUSED_VARIABLE = YES;
				IPHONEOS_DEPLOYMENT_TARGET = 7.1;
				SDKROOT = iphoneos;
				VALIDATE_PRODUCT = YES;
			};
			name = Release;
		};
		13448611192976B60033A230 /* Debug */ = {
			isa = XCBuildConfiguration;
			buildSettings = {
				ASSETCATALOG_COMPILER_APPICON_NAME = AppIcon;
				ASSETCATALOG_COMPILER_LAUNCHIMAGE_NAME = LaunchImage;
				GCC_PRECOMPILE_PREFIX_HEADER = YES;
				GCC_PREFIX_HEADER = "HypnoNerd/HypnoNerd-Prefix.pch";
				INFOPLIST_FILE = "HypnoNerd/HypnoNerd-Info.plist";
				PRODUCT_NAME = "$(TARGET_NAME)";
				WRAPPER_EXTENSION = app;
			};
			name = Debug;
		};
		13448612192976B60033A230 /* Release */ = {
			isa = XCBuildConfiguration;
			buildSettings = {
				ASSETCATALOG_COMPILER_APPICON_NAME = AppIcon;
				ASSETCATALOG_COMPILER_LAUNCHIMAGE_NAME = LaunchImage;
				GCC_PRECOMPILE_PREFIX_HEADER = YES;
				GCC_PREFIX_HEADER = "HypnoNerd/HypnoNerd-Prefix.pch";
				INFOPLIST_FILE = "HypnoNerd/HypnoNerd-Info.plist";
				PRODUCT_NAME = "$(TARGET_NAME)";
				WRAPPER_EXTENSION = app;
			};
			name = Release;
		};
		13448614192976B60033A230 /* Debug */ = {
			isa = XCBuildConfiguration;
			buildSettings = {
				BUNDLE_LOADER = "$(BUILT_PRODUCTS_DIR)/HypnoNerd.app/HypnoNerd";
				FRAMEWORK_SEARCH_PATHS = (
					"$(SDKROOT)/Developer/Library/Frameworks",
					"$(inherited)",
					"$(DEVELOPER_FRAMEWORKS_DIR)",
				);
				GCC_PRECOMPILE_PREFIX_HEADER = YES;
				GCC_PREFIX_HEADER = "HypnoNerd/HypnoNerd-Prefix.pch";
				GCC_PREPROCESSOR_DEFINITIONS = (
					"DEBUG=1",
					"$(inherited)",
				);
				INFOPLIST_FILE = "HypnoNerdTests/HypnoNerdTests-Info.plist";
				PRODUCT_NAME = "$(TARGET_NAME)";
				TEST_HOST = "$(BUNDLE_LOADER)";
				WRAPPER_EXTENSION = xctest;
			};
			name = Debug;
		};
		13448615192976B60033A230 /* Release */ = {
			isa = XCBuildConfiguration;
			buildSettings = {
				BUNDLE_LOADER = "$(BUILT_PRODUCTS_DIR)/HypnoNerd.app/HypnoNerd";
				FRAMEWORK_SEARCH_PATHS = (
					"$(SDKROOT)/Developer/Library/Frameworks",
					"$(inherited)",
					"$(DEVELOPER_FRAMEWORKS_DIR)",
				);
				GCC_PRECOMPILE_PREFIX_HEADER = YES;
				GCC_PREFIX_HEADER = "HypnoNerd/HypnoNerd-Prefix.pch";
				INFOPLIST_FILE = "HypnoNerdTests/HypnoNerdTests-Info.plist";
				PRODUCT_NAME = "$(TARGET_NAME)";
				TEST_HOST = "$(BUNDLE_LOADER)";
				WRAPPER_EXTENSION = xctest;
			};
			name = Release;
		};
/* End XCBuildConfiguration section */

/* Begin XCConfigurationList section */
		134485DF192976B60033A230 /* Build configuration list for PBXProject "HypnoNerd" */ = {
			isa = XCConfigurationList;
			buildConfigurations = (
				1344860E192976B60033A230 /* Debug */,
				1344860F192976B60033A230 /* Release */,
			);
			defaultConfigurationIsVisible = 0;
			defaultConfigurationName = Release;
		};
		13448610192976B60033A230 /* Build configuration list for PBXNativeTarget "HypnoNerd" */ = {
			isa = XCConfigurationList;
			buildConfigurations = (
				13448611192976B60033A230 /* Debug */,
				13448612192976B60033A230 /* Release */,
			);
			defaultConfigurationIsVisible = 0;
		};
		13448613192976B60033A230 /* Build configuration list for PBXNativeTarget "HypnoNerdTests" */ = {
			isa = XCConfigurationList;
			buildConfigurations = (
				13448614192976B60033A230 /* Debug */,
				13448615192976B60033A230 /* Release */,
			);
			defaultConfigurationIsVisible = 0;
		};
/* End XCConfigurationList section */
	};
	rootObject = 134485DC192976B60033A230 /* Project object */;
}
