// !$*UTF8*$!
{
	archiveVersion = 1;
	classes = {
	};
	objectVersion = 46;
	objects = {

/* Begin PBXBuildFile section */
		134485AA1927D9890033A230 /* Foundation.framework in Frameworks */ = {isa = PBXBuildFile; fileRef = 134485A91927D9890033A230 /* Foundation.framework */; };
		134485AC1927D9890033A230 /* CoreGraphics.framework in Frameworks */ = {isa = PBXBuildFile; fileRef = 134485AB1927D9890033A230 /* CoreGraphics.framework */; };
		134485AE1927D9890033A230 /* UIKit.framework in Frameworks */ = {isa = PBXBuildFile; fileRef = 134485AD1927D9890033A230 /* UIKit.framework */; };
		134485B41927D9890033A230 /* InfoPlist.strings in Resources */ = {isa = PBXBuildFile; fileRef = 134485B21927D9890033A230 /* InfoPlist.strings */; };
		134485B61927D9890033A230 /* main.m in Sources */ = {isa = PBXBuildFile; fileRef = 134485B51927D9890033A230 /* main.m */; };
		134485BA1927D9890033A230 /* BNRAppDelegate.m in Sources */ = {isa = PBXBuildFile; fileRef = 134485B91927D9890033A230 /* BNRAppDelegate.m */; };
		134485BC1927D9890033A230 /* Images.xcassets in Resources */ = {isa = PBXBuildFile; fileRef = 134485BB1927D9890033A230 /* Images.xcassets */; };
		134485C31927D9890033A230 /* XCTest.framework in Frameworks */ = {isa = PBXBuildFile; fileRef = 134485C21927D9890033A230 /* XCTest.framework */; };
		134485C41927D9890033A230 /* Foundation.framework in Frameworks */ = {isa = PBXBuildFile; fileRef = 134485A91927D9890033A230 /* Foundation.framework */; };
		134485C51927D9890033A230 /* UIKit.framework in Frameworks */ = {isa = PBXBuildFile; fileRef = 134485AD1927D9890033A230 /* UIKit.framework */; };
		134485CD1927D9890033A230 /* InfoPlist.strings in Resources */ = {isa = PBXBuildFile; fileRef = 134485CB1927D9890033A230 /* InfoPlist.strings */; };
		134485CF1927D9890033A230 /* HypnosisterTests.m in Sources */ = {isa = PBXBuildFile; fileRef = 134485CE1927D9890033A230 /* HypnosisterTests.m */; };
		134485DA19282C320033A230 /* BNRHypnosisView.m in Sources */ = {isa = PBXBuildFile; fileRef = 134485D919282C320033A230 /* BNRHypnosisView.m */; };
/* End PBXBuildFile section */

/* Begin PBXContainerItemProxy section */
		134485C61927D9890033A230 /* PBXContainerItemProxy */ = {
			isa = PBXContainerItemProxy;
			containerPortal = 1344859E1927D9890033A230 /* Project object */;
			proxyType = 1;
			remoteGlobalIDString = 134485A51927D9890033A230;
			remoteInfo = Hypnosister;
		};
/* End PBXContainerItemProxy section */

/* Begin PBXFileReference section */
		134485A61927D9890033A230 /* Hypnosister.app */ = {isa = PBXFileReference; explicitFileType = wrapper.application; includeInIndex = 0; path = Hypnosister.app; sourceTree = BUILT_PRODUCTS_DIR; };
		134485A91927D9890033A230 /* Foundation.framework */ = {isa = PBXFileReference; lastKnownFileType = wrapper.framework; name = Foundation.framework; path = System/Library/Frameworks/Foundation.framework; sourceTree = SDKROOT; };
		134485AB1927D9890033A230 /* CoreGraphics.framework */ = {isa = PBXFileReference; lastKnownFileType = wrapper.framework; name = CoreGraphics.framework; path = System/Library/Frameworks/CoreGraphics.framework; sourceTree = SDKROOT; };
		134485AD1927D9890033A230 /* UIKit.framework */ = {isa = PBXFileReference; lastKnownFileType = wrapper.framework; name = UIKit.framework; path = System/Library/Frameworks/UIKit.framework; sourceTree = SDKROOT; };
		134485B11927D9890033A230 /* Hypnosister-Info.plist */ = {isa = PBXFileReference; lastKnownFileType = text.plist.xml; path = "Hypnosister-Info.plist"; sourceTree = "<group>"; };
		134485B31927D9890033A230 /* en */ = {isa = PBXFileReference; lastKnownFileType = text.plist.strings; name = en; path = en.lproj/InfoPlist.strings; sourceTree = "<group>"; };
		134485B51927D9890033A230 /* main.m */ = {isa = PBXFileReference; lastKnownFileType = sourcecode.c.objc; path = main.m; sourceTree = "<group>"; };
		134485B71927D9890033A230 /* Hypnosister-Prefix.pch */ = {isa = PBXFileReference; lastKnownFileType = sourcecode.c.h; path = "Hypnosister-Prefix.pch"; sourceTree = "<group>"; };
		134485B81927D9890033A230 /* BNRAppDelegate.h */ = {isa = PBXFileReference; lastKnownFileType = sourcecode.c.h; path = BNRAppDelegate.h; sourceTree = "<group>"; };
		134485B91927D9890033A230 /* BNRAppDelegate.m */ = {isa = PBXFileReference; lastKnownFileType = sourcecode.c.objc; path = BNRAppDelegate.m; sourceTree = "<group>"; };
		134485BB1927D9890033A230 /* Images.xcassets */ = {isa = PBXFileReference; lastKnownFileType = folder.assetcatalog; path = Images.xcassets; sourceTree = "<group>"; };
		134485C11927D9890033A230 /* HypnosisterTests.xctest */ = {isa = PBXFileReference; explicitFileType = wrapper.cfbundle; includeInIndex = 0; path = HypnosisterTests.xctest; sourceTree = BUILT_PRODUCTS_DIR; };
		134485C21927D9890033A230 /* XCTest.framework */ = {isa = PBXFileReference; lastKnownFileType = wrapper.framework; name = XCTest.framework; path = Library/Frameworks/XCTest.framework; sourceTree = DEVELOPER_DIR; };
		134485CA1927D9890033A230 /* HypnosisterTests-Info.plist */ = {isa = PBXFileReference; lastKnownFileType = text.plist.xml; path = "HypnosisterTests-Info.plist"; sourceTree = "<group>"; };
		134485CC1927D9890033A230 /* en */ = {isa = PBXFileReference; lastKnownFileType = text.plist.strings; name = en; path = en.lproj/InfoPlist.strings; sourceTree = "<group>"; };
		134485CE1927D9890033A230 /* HypnosisterTests.m */ = {isa = PBXFileReference; lastKnownFileType = sourcecode.c.objc; path = HypnosisterTests.m; sourceTree = "<group>"; };
		134485D819282C320033A230 /* BNRHypnosisView.h */ = {isa = PBXFileReference; fileEncoding = 4; lastKnownFileType = sourcecode.c.h; path = BNRHypnosisView.h; sourceTree = "<group>"; };
		134485D919282C320033A230 /* BNRHypnosisView.m */ = {isa = PBXFileReference; fileEncoding = 4; lastKnownFileType = sourcecode.c.objc; path = BNRHypnosisView.m; sourceTree = "<group>"; };
/* End PBXFileReference section */

/* Begin PBXFrameworksBuildPhase section */
		134485A31927D9890033A230 /* Frameworks */ = {
			isa = PBXFrameworksBuildPhase;
			buildActionMask = 2147483647;
			files = (
				134485AC1927D9890033A230 /* CoreGraphics.framework in Frameworks */,
				134485AE1927D9890033A230 /* UIKit.framework in Frameworks */,
				134485AA1927D9890033A230 /* Foundation.framework in Frameworks */,
			);
			runOnlyForDeploymentPostprocessing = 0;
		};
		134485BE1927D9890033A230 /* Frameworks */ = {
			isa = PBXFrameworksBuildPhase;
			buildActionMask = 2147483647;
			files = (
				134485C31927D9890033A230 /* XCTest.framework in Frameworks */,
				134485C51927D9890033A230 /* UIKit.framework in Frameworks */,
				134485C41927D9890033A230 /* Foundation.framework in Frameworks */,
			);
			runOnlyForDeploymentPostprocessing = 0;
		};
/* End PBXFrameworksBuildPhase section */

/* Begin PBXGroup section */
		1344859D1927D9890033A230 = {
			isa = PBXGroup;
			children = (
				134485AF1927D9890033A230 /* Hypnosister */,
				134485C81927D9890033A230 /* HypnosisterTests */,
				134485A81927D9890033A230 /* Frameworks */,
				134485A71927D9890033A230 /* Products */,
			);
			sourceTree = "<group>";
		};
		134485A71927D9890033A230 /* Products */ = {
			isa = PBXGroup;
			children = (
				134485A61927D9890033A230 /* Hypnosister.app */,
				134485C11927D9890033A230 /* HypnosisterTests.xctest */,
			);
			name = Products;
			sourceTree = "<group>";
		};
		134485A81927D9890033A230 /* Frameworks */ = {
			isa = PBXGroup;
			children = (
				134485A91927D9890033A230 /* Foundation.framework */,
				134485AB1927D9890033A230 /* CoreGraphics.framework */,
				134485AD1927D9890033A230 /* UIKit.framework */,
				134485C21927D9890033A230 /* XCTest.framework */,
			);
			name = Frameworks;
			sourceTree = "<group>";
		};
		134485AF1927D9890033A230 /* Hypnosister */ = {
			isa = PBXGroup;
			children = (
				134485B81927D9890033A230 /* BNRAppDelegate.h */,
				134485B91927D9890033A230 /* BNRAppDelegate.m */,
				134485D819282C320033A230 /* BNRHypnosisView.h */,
				134485D919282C320033A230 /* BNRHypnosisView.m */,
				134485BB1927D9890033A230 /* Images.xcassets */,
				134485B01927D9890033A230 /* Supporting Files */,
			);
			path = Hypnosister;
			sourceTree = "<group>";
		};
		134485B01927D9890033A230 /* Supporting Files */ = {
			isa = PBXGroup;
			children = (
				134485B11927D9890033A230 /* Hypnosister-Info.plist */,
				134485B21927D9890033A230 /* InfoPlist.strings */,
				134485B51927D9890033A230 /* main.m */,
				134485B71927D9890033A230 /* Hypnosister-Prefix.pch */,
			);
			name = "Supporting Files";
			sourceTree = "<group>";
		};
		134485C81927D9890033A230 /* HypnosisterTests */ = {
			isa = PBXGroup;
			children = (
				134485CE1927D9890033A230 /* HypnosisterTests.m */,
				134485C91927D9890033A230 /* Supporting Files */,
			);
			path = HypnosisterTests;
			sourceTree = "<group>";
		};
		134485C91927D9890033A230 /* Supporting Files */ = {
			isa = PBXGroup;
			children = (
				134485CA1927D9890033A230 /* HypnosisterTests-Info.plist */,
				134485CB1927D9890033A230 /* InfoPlist.strings */,
			);
			name = "Supporting Files";
			sourceTree = "<group>";
		};
/* End PBXGroup section */

/* Begin PBXNativeTarget section */
		134485A51927D9890033A230 /* Hypnosister */ = {
			isa = PBXNativeTarget;
			buildConfigurationList = 134485D21927D9890033A230 /* Build configuration list for PBXNativeTarget "Hypnosister" */;
			buildPhases = (
				134485A21927D9890033A230 /* Sources */,
				134485A31927D9890033A230 /* Frameworks */,
				134485A41927D9890033A230 /* Resources */,
			);
			buildRules = (
			);
			dependencies = (
			);
			name = Hypnosister;
			productName = Hypnosister;
			productReference = 134485A61927D9890033A230 /* Hypnosister.app */;
			productType = "com.apple.product-type.application";
		};
		134485C01927D9890033A230 /* HypnosisterTests */ = {
			isa = PBXNativeTarget;
			buildConfigurationList = 134485D51927D9890033A230 /* Build configuration list for PBXNativeTarget "HypnosisterTests" */;
			buildPhases = (
				134485BD1927D9890033A230 /* Sources */,
				134485BE1927D9890033A230 /* Frameworks */,
				134485BF1927D9890033A230 /* Resources */,
			);
			buildRules = (
			);
			dependencies = (
				134485C71927D9890033A230 /* PBXTargetDependency */,
			);
			name = HypnosisterTests;
			productName = HypnosisterTests;
			productReference = 134485C11927D9890033A230 /* HypnosisterTests.xctest */;
			productType = "com.apple.product-type.bundle.unit-test";
		};
/* End PBXNativeTarget section */

/* Begin PBXProject section */
		1344859E1927D9890033A230 /* Project object */ = {
			isa = PBXProject;
			attributes = {
				CLASSPREFIX = BNR;
				LastUpgradeCheck = 0510;
				ORGANIZATIONNAME = pifster;
				TargetAttributes = {
					134485C01927D9890033A230 = {
						TestTargetID = 134485A51927D9890033A230;
					};
				};
			};
			buildConfigurationList = 134485A11927D9890033A230 /* Build configuration list for PBXProject "Hypnosister" */;
			compatibilityVersion = "Xcode 3.2";
			developmentRegion = English;
			hasScannedForEncodings = 0;
			knownRegions = (
				en,
			);
			mainGroup = 1344859D1927D9890033A230;
			productRefGroup = 134485A71927D9890033A230 /* Products */;
			projectDirPath = "";
			projectRoot = "";
			targets = (
				134485A51927D9890033A230 /* Hypnosister */,
				134485C01927D9890033A230 /* HypnosisterTests */,
			);
		};
/* End PBXProject section */

/* Begin PBXResourcesBuildPhase section */
		134485A41927D9890033A230 /* Resources */ = {
			isa = PBXResourcesBuildPhase;
			buildActionMask = 2147483647;
			files = (
				134485B41927D9890033A230 /* InfoPlist.strings in Resources */,
				134485BC1927D9890033A230 /* Images.xcassets in Resources */,
			);
			runOnlyForDeploymentPostprocessing = 0;
		};
		134485BF1927D9890033A230 /* Resources */ = {
			isa = PBXResourcesBuildPhase;
			buildActionMask = 2147483647;
			files = (
				134485CD1927D9890033A230 /* InfoPlist.strings in Resources */,
			);
			runOnlyForDeploymentPostprocessing = 0;
		};
/* End PBXResourcesBuildPhase section */

/* Begin PBXSourcesBuildPhase section */
		134485A21927D9890033A230 /* Sources */ = {
			isa = PBXSourcesBuildPhase;
			buildActionMask = 2147483647;
			files = (
				134485B61927D9890033A230 /* main.m in Sources */,
				134485BA1927D9890033A230 /* BNRAppDelegate.m in Sources */,
				134485DA19282C320033A230 /* BNRHypnosisView.m in Sources */,
			);
			runOnlyForDeploymentPostprocessing = 0;
		};
		134485BD1927D9890033A230 /* Sources */ = {
			isa = PBXSourcesBuildPhase;
			buildActionMask = 2147483647;
			files = (
				134485CF1927D9890033A230 /* HypnosisterTests.m in Sources */,
			);
			runOnlyForDeploymentPostprocessing = 0;
		};
/* End PBXSourcesBuildPhase section */

/* Begin PBXTargetDependency section */
		134485C71927D9890033A230 /* PBXTargetDependency */ = {
			isa = PBXTargetDependency;
			target = 134485A51927D9890033A230 /* Hypnosister */;
			targetProxy = 134485C61927D9890033A230 /* PBXContainerItemProxy */;
		};
/* End PBXTargetDependency section */

/* Begin PBXVariantGroup section */
		134485B21927D9890033A230 /* InfoPlist.strings */ = {
			isa = PBXVariantGroup;
			children = (
				134485B31927D9890033A230 /* en */,
			);
			name = InfoPlist.strings;
			sourceTree = "<group>";
		};
		134485CB1927D9890033A230 /* InfoPlist.strings */ = {
			isa = PBXVariantGroup;
			children = (
				134485CC1927D9890033A230 /* en */,
			);
			name = InfoPlist.strings;
			sourceTree = "<group>";
		};
/* End PBXVariantGroup section */

/* Begin XCBuildConfiguration section */
		134485D01927D9890033A230 /* Debug */ = {
			isa = XCBuildConfiguration;
			buildSettings = {
				ALWAYS_SEARCH_USER_PATHS = NO;
				CLANG_CXX_LANGUAGE_STANDARD = "gnu++0x";
				CLANG_CXX_LIBRARY = "libc++";
				CLANG_ENABLE_MODULES = YES;
				CLANG_ENABLE_OBJC_ARC = YES;
				CLANG_WARN_BOOL_CONVERSION = YES;
				CLANG_WARN_CONSTANT_CONVERSION = YES;
				CLANG_WARN_DIRECT_OBJC_ISA_USAGE = YES_ERROR;
				CLANG_WARN_EMPTY_BODY = YES;
				CLANG_WARN_ENUM_CONVERSION = YES;
				CLANG_WARN_INT_CONVERSION = YES;
				CLANG_WARN_OBJC_ROOT_CLASS = YES_ERROR;
				CLANG_WARN__DUPLICATE_METHOD_MATCH = YES;
				"CODE_SIGN_IDENTITY[sdk=iphoneos*]" = "iPhone Developer";
				COPY_PHASE_STRIP = NO;
				GCC_C_LANGUAGE_STANDARD = gnu99;
				GCC_DYNAMIC_NO_PIC = NO;
				GCC_OPTIMIZATION_LEVEL = 0;
				GCC_PREPROCESSOR_DEFINITIONS = (
					"DEBUG=1",
					"$(inherited)",
				);
				GCC_SYMBOLS_PRIVATE_EXTERN = NO;
				GCC_WARN_64_TO_32_BIT_CONVERSION = YES;
				GCC_WARN_ABOUT_RETURN_TYPE = YES_ERROR;
				GCC_WARN_UNDECLARED_SELECTOR = YES;
				GCC_WARN_UNINITIALIZED_AUTOS = YES_AGGRESSIVE;
				GCC_WARN_UNUSED_FUNCTION = YES;
				GCC_WARN_UNUSED_VARIABLE = YES;
				IPHONEOS_DEPLOYMENT_TARGET = 7.1;
				ONLY_ACTIVE_ARCH = YES;
				SDKROOT = iphoneos;
			};
			name = Debug;
		};
		134485D11927D9890033A230 /* Release */ = {
			isa = XCBuildConfiguration;
			buildSettings = {
				ALWAYS_SEARCH_USER_PATHS = NO;
				CLANG_CXX_LANGUAGE_STANDARD = "gnu++0x";
				CLANG_CXX_LIBRARY = "libc++";
				CLANG_ENABLE_MODULES = YES;
				CLANG_ENABLE_OBJC_ARC = YES;
				CLANG_WARN_BOOL_CONVERSION = YES;
				CLANG_WARN_CONSTANT_CONVERSION = YES;
				CLANG_WARN_DIRECT_OBJC_ISA_USAGE = YES_ERROR;
				CLANG_WARN_EMPTY_BODY = YES;
				CLANG_WARN_ENUM_CONVERSION = YES;
				CLANG_WARN_INT_CONVERSION = YES;
				CLANG_WARN_OBJC_ROOT_CLASS = YES_ERROR;
				CLANG_WARN__DUPLICATE_METHOD_MATCH = YES;
				"CODE_SIGN_IDENTITY[sdk=iphoneos*]" = "iPhone Developer";
				COPY_PHASE_STRIP = YES;
				ENABLE_NS_ASSERTIONS = NO;
				GCC_C_LANGUAGE_STANDARD = gnu99;
				GCC_WARN_64_TO_32_BIT_CONVERSION = YES;
				GCC_WARN_ABOUT_RETURN_TYPE = YES_ERROR;
				GCC_WARN_UNDECLARED_SELECTOR = YES;
				GCC_WARN_UNINITIALIZED_AUTOS = YES_AGGRESSIVE;
				GCC_WARN_UNUSED_FUNCTION = YES;
				GCC_WARN_UNUSED_VARIABLE = YES;
				IPHONEOS_DEPLOYMENT_TARGET = 7.1;
				SDKROOT = iphoneos;
				VALIDATE_PRODUCT = YES;
			};
			name = Release;
		};
		134485D31927D9890033A230 /* Debug */ = {
			isa = XCBuildConfiguration;
			buildSettings = {
				ASSETCATALOG_COMPILER_APPICON_NAME = AppIcon;
				ASSETCATALOG_COMPILER_LAUNCHIMAGE_NAME = LaunchImage;
				GCC_PRECOMPILE_PREFIX_HEADER = YES;
				GCC_PREFIX_HEADER = "Hypnosister/Hypnosister-Prefix.pch";
				INFOPLIST_FILE = "Hypnosister/Hypnosister-Info.plist";
				PRODUCT_NAME = "$(TARGET_NAME)";
				WRAPPER_EXTENSION = app;
			};
			name = Debug;
		};
		134485D41927D9890033A230 /* Release */ = {
			isa = XCBuildConfiguration;
			buildSettings = {
				ASSETCATALOG_COMPILER_APPICON_NAME = AppIcon;
				ASSETCATALOG_COMPILER_LAUNCHIMAGE_NAME = LaunchImage;
				GCC_PRECOMPILE_PREFIX_HEADER = YES;
				GCC_PREFIX_HEADER = "Hypnosister/Hypnosister-Prefix.pch";
				INFOPLIST_FILE = "Hypnosister/Hypnosister-Info.plist";
				PRODUCT_NAME = "$(TARGET_NAME)";
				WRAPPER_EXTENSION = app;
			};
			name = Release;
		};
		134485D61927D9890033A230 /* Debug */ = {
			isa = XCBuildConfiguration;
			buildSettings = {
				BUNDLE_LOADER = "$(BUILT_PRODUCTS_DIR)/Hypnosister.app/Hypnosister";
				FRAMEWORK_SEARCH_PATHS = (
					"$(SDKROOT)/Developer/Library/Frameworks",
					"$(inherited)",
					"$(DEVELOPER_FRAMEWORKS_DIR)",
				);
				GCC_PRECOMPILE_PREFIX_HEADER = YES;
				GCC_PREFIX_HEADER = "Hypnosister/Hypnosister-Prefix.pch";
				GCC_PREPROCESSOR_DEFINITIONS = (
					"DEBUG=1",
					"$(inherited)",
				);
				INFOPLIST_FILE = "HypnosisterTests/HypnosisterTests-Info.plist";
				PRODUCT_NAME = "$(TARGET_NAME)";
				TEST_HOST = "$(BUNDLE_LOADER)";
				WRAPPER_EXTENSION = xctest;
			};
			name = Debug;
		};
		134485D71927D9890033A230 /* Release */ = {
			isa = XCBuildConfiguration;
			buildSettings = {
				BUNDLE_LOADER = "$(BUILT_PRODUCTS_DIR)/Hypnosister.app/Hypnosister";
				FRAMEWORK_SEARCH_PATHS = (
					"$(SDKROOT)/Developer/Library/Frameworks",
					"$(inherited)",
					"$(DEVELOPER_FRAMEWORKS_DIR)",
				);
				GCC_PRECOMPILE_PREFIX_HEADER = YES;
				GCC_PREFIX_HEADER = "Hypnosister/Hypnosister-Prefix.pch";
				INFOPLIST_FILE = "HypnosisterTests/HypnosisterTests-Info.plist";
				PRODUCT_NAME = "$(TARGET_NAME)";
				TEST_HOST = "$(BUNDLE_LOADER)";
				WRAPPER_EXTENSION = xctest;
			};
			name = Release;
		};
/* End XCBuildConfiguration section */

/* Begin XCConfigurationList section */
		134485A11927D9890033A230 /* Build configuration list for PBXProject "Hypnosister" */ = {
			isa = XCConfigurationList;
			buildConfigurations = (
				134485D01927D9890033A230 /* Debug */,
				134485D11927D9890033A230 /* Release */,
			);
			defaultConfigurationIsVisible = 0;
			defaultConfigurationName = Release;
		};
		134485D21927D9890033A230 /* Build configuration list for PBXNativeTarget "Hypnosister" */ = {
			isa = XCConfigurationList;
			buildConfigurations = (
				134485D31927D9890033A230 /* Debug */,
				134485D41927D9890033A230 /* Release */,
			);
			defaultConfigurationIsVisible = 0;
		};
		134485D51927D9890033A230 /* Build configuration list for PBXNativeTarget "HypnosisterTests" */ = {
			isa = XCConfigurationList;
			buildConfigurations = (
				134485D61927D9890033A230 /* Debug */,
				134485D71927D9890033A230 /* Release */,
			);
			defaultConfigurationIsVisible = 0;
		};
/* End XCConfigurationList section */
	};
	rootObject = 1344859E1927D9890033A230 /* Project object */;
}
